{
  "object": {
    "pins": [
      {
        "package": "CJavaVM",
        "repositoryURL": "https://github.com/readdle/CJavaVM.git",
        "state": {
          "branch": null,
          "revision": "09fa7a913084e254ad398a1e7e41e9bdb7059270",
          "version": "2.4.2"
        }
      },
      {
        "package": "java_swift",
        "repositoryURL": "https://github.com/readdle/java_swift.git",
        "state": {
          "branch": "dev/kotlin-support",
          "revision": "07f41c3df163ad5d8e0c8e5745eb7a6bcb3d47cf",
          "version": null
        }
      },
      {
        "package": "AnyCodable",
        "repositoryURL": "https://github.com/readdle/swift-anycodable.git",
        "state": {
          "branch": null,
          "revision": "9163d43ad317d938629592bbae798a95a3a0a4cf",
          "version": "1.0.3"
        }
      },
      {
        "package": "Java",
        "repositoryURL": "https://github.com/readdle/swift-java.git",
        "state": {
          "branch": null,
          "revision": "38459fc901d2ecd9655994459a6f099537a2cb98",
          "version": "0.2.4"
        }
      },
      {
        "package": "JavaCoder",
        "repositoryURL": "https://github.com/readdle/swift-java-coder.git",
        "state": {
          "branch": "dev/kotlin-support",
          "revision": "1758dcd711d41b6784d84af2ca83815941f4d7b0",
          "version": null
        }
      }
    ]
  },
  "version": 1
}
